
Microsoft Visual Studio Solution File, Format Version 12.00
# Visual Studio Version 17
VisualStudioVersion = 17.8.34316.72
MinimumVisualStudioVersion = 10.0.40219.1
Project("{FAE04EC0-301F-11D3-BF4B-00C04F79EFBC}") = "CubicPolynomial", "AlgorithmsProject\CubicPolynomial.csproj", "{407D0BC4-E49E-4B81-A36A-5945AC6925AA}"
EndProject
Project("{FAE04EC0-301F-11D3-BF4B-00C04F79EFBC}") = "MonteCarlo", "MonteCarlo\MonteCarlo.csproj", "{9C8385AC-E27A-4FE2-86C6-54782E406EF5}"
EndProject
Project("{FAE04EC0-301F-11D3-BF4B-00C04F79EFBC}") = "QuinticFunction", "QuinticFunction\QuinticFunction.csproj", "{8F50387F-36FE-4720-BB53-98BF390C36B2}"
EndProject
Project("{FAE04EC0-301F-11D3-BF4B-00C04F79EFBC}") = "SieveofEratosthenes", "SieveofEratosthenes\SieveofEratosthenes.csproj", "{AD7A0E70-00ED-40BC-AE38-DEE1879266EE}"
EndProject
Project("{FAE04EC0-301F-11D3-BF4B-00C04F79EFBC}") = "TravelingSalesmanProblem", "TravelingSalesmanProblem\TravelingSalesmanProblem.csproj", "{B6B4AD6E-33B3-463A-8C2E-60589E6A164B}"
EndProject
Global
	GlobalSection(SolutionConfigurationPlatforms) = preSolution
		Debug|Any CPU = Debug|Any CPU
		Release|Any CPU = Release|Any CPU
	EndGlobalSection
	GlobalSection(ProjectConfigurationPlatforms) = postSolution
		{407D0BC4-E49E-4B81-A36A-5945AC6925AA}.Debug|Any CPU.ActiveCfg = Debug|Any CPU
		{407D0BC4-E49E-4B81-A36A-5945AC6925AA}.Debug|Any CPU.Build.0 = Debug|Any CPU
		{407D0BC4-E49E-4B81-A36A-5945AC6925AA}.Release|Any CPU.ActiveCfg = Release|Any CPU
		{407D0BC4-E49E-4B81-A36A-5945AC6925AA}.Release|Any CPU.Build.0 = Release|Any CPU
		{9C8385AC-E27A-4FE2-86C6-54782E406EF5}.Debug|Any CPU.ActiveCfg = Debug|Any CPU
		{9C8385AC-E27A-4FE2-86C6-54782E406EF5}.Debug|Any CPU.Build.0 = Debug|Any CPU
		{9C8385AC-E27A-4FE2-86C6-54782E406EF5}.Release|Any CPU.ActiveCfg = Release|Any CPU
		{9C8385AC-E27A-4FE2-86C6-54782E406EF5}.Release|Any CPU.Build.0 = Release|Any CPU
		{8F50387F-36FE-4720-BB53-98BF390C36B2}.Debug|Any CPU.ActiveCfg = Debug|Any CPU
		{8F50387F-36FE-4720-BB53-98BF390C36B2}.Debug|Any CPU.Build.0 = Debug|Any CPU
		{8F50387F-36FE-4720-BB53-98BF390C36B2}.Release|Any CPU.ActiveCfg = Release|Any CPU
		{8F50387F-36FE-4720-BB53-98BF390C36B2}.Release|Any CPU.Build.0 = Release|Any CPU
		{AD7A0E70-00ED-40BC-AE38-DEE1879266EE}.Debug|Any CPU.ActiveCfg = Debug|Any CPU
		{AD7A0E70-00ED-40BC-AE38-DEE1879266EE}.Debug|Any CPU.Build.0 = Debug|Any CPU
		{AD7A0E70-00ED-40BC-AE38-DEE1879266EE}.Release|Any CPU.ActiveCfg = Release|Any CPU
		{AD7A0E70-00ED-40BC-AE38-DEE1879266EE}.Release|Any CPU.Build.0 = Release|Any CPU
		{B6B4AD6E-33B3-463A-8C2E-60589E6A164B}.Debug|Any CPU.ActiveCfg = Debug|Any CPU
		{B6B4AD6E-33B3-463A-8C2E-60589E6A164B}.Debug|Any CPU.Build.0 = Debug|Any CPU
		{B6B4AD6E-33B3-463A-8C2E-60589E6A164B}.Release|Any CPU.ActiveCfg = Release|Any CPU
		{B6B4AD6E-33B3-463A-8C2E-60589E6A164B}.Release|Any CPU.Build.0 = Release|Any CPU
	EndGlobalSection
	GlobalSection(SolutionProperties) = preSolution
		HideSolutionNode = FALSE
	EndGlobalSection
	GlobalSection(ExtensibilityGlobals) = postSolution
		SolutionGuid = {CF8D4800-C818-4B49-96D2-F33CC676BC3A}
	EndGlobalSection
EndGlobal
